
Microsoft Visual Studio Solution File, Format Version 12.00
# Visual Studio Version 16
VisualStudioVersion = 16.0.34031.81
MinimumVisualStudioVersion = 10.0.40219.1
Project("{FAE04EC0-301F-11D3-BF4B-00C04F79EFBC}") = "IncomeLab", "1лаба_3сем\IncomeLab.csproj", "{9A61466C-E9D4-49ED-81C3-04561ECDC671}"
EndProject
Project("{FAE04EC0-301F-11D3-BF4B-00C04F79EFBC}") = "IncomeTests", "IncomeTests\IncomeTests.csproj", "{F24A47A0-D79D-45B0-AF28-5663F4EB64C8}"
EndProject
Global
	GlobalSection(SolutionConfigurationPlatforms) = preSolution
		Debug|Any CPU = Debug|Any CPU
		Release|Any CPU = Release|Any CPU
	EndGlobalSection
	GlobalSection(ProjectConfigurationPlatforms) = postSolution
		{9A61466C-E9D4-49ED-81C3-04561ECDC671}.Debug|Any CPU.ActiveCfg = Debug|Any CPU
		{9A61466C-E9D4-49ED-81C3-04561ECDC671}.Debug|Any CPU.Build.0 = Debug|Any CPU
		{9A61466C-E9D4-49ED-81C3-04561ECDC671}.Release|Any CPU.ActiveCfg = Release|Any CPU
		{9A61466C-E9D4-49ED-81C3-04561ECDC671}.Release|Any CPU.Build.0 = Release|Any CPU
		{F24A47A0-D79D-45B0-AF28-5663F4EB64C8}.Debug|Any CPU.ActiveCfg = Debug|Any CPU
		{F24A47A0-D79D-45B0-AF28-5663F4EB64C8}.Debug|Any CPU.Build.0 = Debug|Any CPU
		{F24A47A0-D79D-45B0-AF28-5663F4EB64C8}.Release|Any CPU.ActiveCfg = Release|Any CPU
		{F24A47A0-D79D-45B0-AF28-5663F4EB64C8}.Release|Any CPU.Build.0 = Release|Any CPU
	EndGlobalSection
	GlobalSection(SolutionProperties) = preSolution
		HideSolutionNode = FALSE
	EndGlobalSection
	GlobalSection(ExtensibilityGlobals) = postSolution
		SolutionGuid = {A5E874DF-3897-4A9A-8168-081FD7DF3A79}
	EndGlobalSection
EndGlobal
